
Microsoft Visual Studio Solution File, Format Version 12.00
Project("{FAE04EC0-301F-11D3-BF4B-00C04F79EFBC}") = "Elfuertech.PilotageCalculator", "Elfuertech.PilotageCalculator\Elfuertech.PilotageCalculator.csproj", "{161CDC58-ADD6-4E1D-8F23-BAC949C1F5B3}"
EndProject
Global
	GlobalSection(SolutionConfigurationPlatforms) = preSolution
		Debug|Any CPU = Debug|Any CPU
		Release|Any CPU = Release|Any CPU
	EndGlobalSection
	GlobalSection(ProjectConfigurationPlatforms) = postSolution
		{161CDC58-ADD6-4E1D-8F23-BAC949C1F5B3}.Debug|Any CPU.ActiveCfg = Debug|Any CPU
		{161CDC58-ADD6-4E1D-8F23-BAC949C1F5B3}.Debug|Any CPU.Build.0 = Debug|Any CPU
		{161CDC58-ADD6-4E1D-8F23-BAC949C1F5B3}.Release|Any CPU.ActiveCfg = Release|Any CPU
		{161CDC58-ADD6-4E1D-8F23-BAC949C1F5B3}.Release|Any CPU.Build.0 = Release|Any CPU
	EndGlobalSection
EndGlobal
